
Microsoft Visual Studio Solution File, Format Version 12.00
# Visual Studio Version 17
VisualStudioVersion = 17.8.34330.188
MinimumVisualStudioVersion = 10.0.40219.1
Project("{9A19103F-16F7-4668-BE54-9A1E7A4F7556}") = "Ecommerce.Modelo", "Ecommerce.Model\Ecommerce.Modelo.csproj", "{E4149182-56AC-4D22-9384-C65B18F6D6C6}"
EndProject
Project("{9A19103F-16F7-4668-BE54-9A1E7A4F7556}") = "Ecommerce.Repositorio", "Ecommerce.Repositorio\Ecommerce.Repositorio.csproj", "{A18095EB-F90C-491C-924C-73A79B39EDF4}"
EndProject
Project("{9A19103F-16F7-4668-BE54-9A1E7A4F7556}") = "Ecommerce.Servicio", "Ecommerce.Servicio\Ecommerce.Servicio.csproj", "{6E605FE1-A7A3-47FE-A0E0-F95C1C38F5A1}"
EndProject
Project("{9A19103F-16F7-4668-BE54-9A1E7A4F7556}") = "Ecommerce.DTO", "Ecommerce.DTO\Ecommerce.DTO.csproj", "{F032540D-AE3B-4AED-8432-9C31D41D6353}"
EndProject
Project("{9A19103F-16F7-4668-BE54-9A1E7A4F7556}") = "Ecommerce.Utilidades", "Ecommerce.Utilidades\Ecommerce.Utilidades.csproj", "{BBB58F1B-8203-479E-B1F8-52FBBCDC1615}"
EndProject
Project("{9A19103F-16F7-4668-BE54-9A1E7A4F7556}") = "Ecommerce.API", "Ecommerce.API\Ecommerce.API.csproj", "{46CE1014-CE0F-4662-97DE-7944F367CEF2}"
EndProject
Project("{9A19103F-16F7-4668-BE54-9A1E7A4F7556}") = "Ecommerce.WebAssembly", "Ecommerce.WebAssembly\Ecommerce.WebAssembly.csproj", "{71D4C86A-126F-413E-B480-94100162B7C6}"
EndProject
Global
	GlobalSection(SolutionConfigurationPlatforms) = preSolution
		Debug|Any CPU = Debug|Any CPU
		Release|Any CPU = Release|Any CPU
	EndGlobalSection
	GlobalSection(ProjectConfigurationPlatforms) = postSolution
		{E4149182-56AC-4D22-9384-C65B18F6D6C6}.Debug|Any CPU.ActiveCfg = Debug|Any CPU
		{E4149182-56AC-4D22-9384-C65B18F6D6C6}.Debug|Any CPU.Build.0 = Debug|Any CPU
		{E4149182-56AC-4D22-9384-C65B18F6D6C6}.Release|Any CPU.ActiveCfg = Release|Any CPU
		{E4149182-56AC-4D22-9384-C65B18F6D6C6}.Release|Any CPU.Build.0 = Release|Any CPU
		{A18095EB-F90C-491C-924C-73A79B39EDF4}.Debug|Any CPU.ActiveCfg = Debug|Any CPU
		{A18095EB-F90C-491C-924C-73A79B39EDF4}.Debug|Any CPU.Build.0 = Debug|Any CPU
		{A18095EB-F90C-491C-924C-73A79B39EDF4}.Release|Any CPU.ActiveCfg = Release|Any CPU
		{A18095EB-F90C-491C-924C-73A79B39EDF4}.Release|Any CPU.Build.0 = Release|Any CPU
		{6E605FE1-A7A3-47FE-A0E0-F95C1C38F5A1}.Debug|Any CPU.ActiveCfg = Debug|Any CPU
		{6E605FE1-A7A3-47FE-A0E0-F95C1C38F5A1}.Debug|Any CPU.Build.0 = Debug|Any CPU
		{6E605FE1-A7A3-47FE-A0E0-F95C1C38F5A1}.Release|Any CPU.ActiveCfg = Release|Any CPU
		{6E605FE1-A7A3-47FE-A0E0-F95C1C38F5A1}.Release|Any CPU.Build.0 = Release|Any CPU
		{F032540D-AE3B-4AED-8432-9C31D41D6353}.Debug|Any CPU.ActiveCfg = Debug|Any CPU
		{F032540D-AE3B-4AED-8432-9C31D41D6353}.Debug|Any CPU.Build.0 = Debug|Any CPU
		{F032540D-AE3B-4AED-8432-9C31D41D6353}.Release|Any CPU.ActiveCfg = Release|Any CPU
		{F032540D-AE3B-4AED-8432-9C31D41D6353}.Release|Any CPU.Build.0 = Release|Any CPU
		{BBB58F1B-8203-479E-B1F8-52FBBCDC1615}.Debug|Any CPU.ActiveCfg = Debug|Any CPU
		{BBB58F1B-8203-479E-B1F8-52FBBCDC1615}.Debug|Any CPU.Build.0 = Debug|Any CPU
		{BBB58F1B-8203-479E-B1F8-52FBBCDC1615}.Release|Any CPU.ActiveCfg = Release|Any CPU
		{BBB58F1B-8203-479E-B1F8-52FBBCDC1615}.Release|Any CPU.Build.0 = Release|Any CPU
		{46CE1014-CE0F-4662-97DE-7944F367CEF2}.Debug|Any CPU.ActiveCfg = Debug|Any CPU
		{46CE1014-CE0F-4662-97DE-7944F367CEF2}.Debug|Any CPU.Build.0 = Debug|Any CPU
		{46CE1014-CE0F-4662-97DE-7944F367CEF2}.Release|Any CPU.ActiveCfg = Release|Any CPU
		{46CE1014-CE0F-4662-97DE-7944F367CEF2}.Release|Any CPU.Build.0 = Release|Any CPU
		{71D4C86A-126F-413E-B480-94100162B7C6}.Debug|Any CPU.ActiveCfg = Debug|Any CPU
		{71D4C86A-126F-413E-B480-94100162B7C6}.Debug|Any CPU.Build.0 = Debug|Any CPU
		{71D4C86A-126F-413E-B480-94100162B7C6}.Release|Any CPU.ActiveCfg = Release|Any CPU
		{71D4C86A-126F-413E-B480-94100162B7C6}.Release|Any CPU.Build.0 = Release|Any CPU
	EndGlobalSection
	GlobalSection(SolutionProperties) = preSolution
		HideSolutionNode = FALSE
	EndGlobalSection
	GlobalSection(ExtensibilityGlobals) = postSolution
		SolutionGuid = {4D9B123D-6566-4893-A4B2-0371D1AAECBA}
	EndGlobalSection
EndGlobal
